// !$*UTF8*$!
{
	archiveVersion = 1;
	classes = {
	};
	objectVersion = 46;
	objects = {

/* Begin PBXBuildFile section */
		09C2137A1C154A86009E63E2 /* main.m in Sources */ = {isa = PBXBuildFile; fileRef = 09C213791C154A86009E63E2 /* main.m */; };
		09C2137D1C154A86009E63E2 /* AppDelegate.m in Sources */ = {isa = PBXBuildFile; fileRef = 09C2137C1C154A86009E63E2 /* AppDelegate.m */; };
		09C213801C154A86009E63E2 /* ViewController.m in Sources */ = {isa = PBXBuildFile; fileRef = 09C2137F1C154A86009E63E2 /* ViewController.m */; };
		09C213831C154A86009E63E2 /* Main.storyboard in Resources */ = {isa = PBXBuildFile; fileRef = 09C213811C154A86009E63E2 /* Main.storyboard */; };
		09C213851C154A86009E63E2 /* Assets.xcassets in Resources */ = {isa = PBXBuildFile; fileRef = 09C213841C154A86009E63E2 /* Assets.xcassets */; };
		09C213881C154A86009E63E2 /* LaunchScreen.storyboard in Resources */ = {isa = PBXBuildFile; fileRef = 09C213861C154A86009E63E2 /* LaunchScreen.storyboard */; };
		09C213931C154A86009E63E2 /* SJHeaderRefreshTests.m in Sources */ = {isa = PBXBuildFile; fileRef = 09C213921C154A86009E63E2 /* SJHeaderRefreshTests.m */; };
		09C2139E1C154A86009E63E2 /* SJHeaderRefreshUITests.m in Sources */ = {isa = PBXBuildFile; fileRef = 09C2139D1C154A86009E63E2 /* SJHeaderRefreshUITests.m */; };
		09C213AF1C154A9B009E63E2 /* XSFooterRefresh.m in Sources */ = {isa = PBXBuildFile; fileRef = 09C213AC1C154A9B009E63E2 /* XSFooterRefresh.m */; };
		09C213B01C154A9B009E63E2 /* XSHeaderRefresh.m in Sources */ = {isa = PBXBuildFile; fileRef = 09C213AE1C154A9B009E63E2 /* XSHeaderRefresh.m */; };
		09C213DE1C154AB0009E63E2 /* MJRefreshAutoFooter.m in Sources */ = {isa = PBXBuildFile; fileRef = 09C213B41C154AB0009E63E2 /* MJRefreshAutoFooter.m */; };
		09C213DF1C154AB0009E63E2 /* MJRefreshBackFooter.m in Sources */ = {isa = PBXBuildFile; fileRef = 09C213B61C154AB0009E63E2 /* MJRefreshBackFooter.m */; };
		09C213E01C154AB0009E63E2 /* MJRefreshComponent.m in Sources */ = {isa = PBXBuildFile; fileRef = 09C213B81C154AB0009E63E2 /* MJRefreshComponent.m */; };
		09C213E11C154AB0009E63E2 /* MJRefreshFooter.m in Sources */ = {isa = PBXBuildFile; fileRef = 09C213BA1C154AB0009E63E2 /* MJRefreshFooter.m */; };
		09C213E21C154AB0009E63E2 /* MJRefreshHeader.m in Sources */ = {isa = PBXBuildFile; fileRef = 09C213BC1C154AB0009E63E2 /* MJRefreshHeader.m */; };
		09C213E31C154AB0009E63E2 /* MJRefreshAutoGifFooter.m in Sources */ = {isa = PBXBuildFile; fileRef = 09C213C11C154AB0009E63E2 /* MJRefreshAutoGifFooter.m */; };
		09C213E41C154AB0009E63E2 /* MJRefreshAutoNormalFooter.m in Sources */ = {isa = PBXBuildFile; fileRef = 09C213C31C154AB0009E63E2 /* MJRefreshAutoNormalFooter.m */; };
		09C213E51C154AB0009E63E2 /* MJRefreshAutoStateFooter.m in Sources */ = {isa = PBXBuildFile; fileRef = 09C213C51C154AB0009E63E2 /* MJRefreshAutoStateFooter.m */; };
		09C213E61C154AB0009E63E2 /* MJRefreshBackGifFooter.m in Sources */ = {isa = PBXBuildFile; fileRef = 09C213C81C154AB0009E63E2 /* MJRefreshBackGifFooter.m */; };
		09C213E71C154AB0009E63E2 /* MJRefreshBackNormalFooter.m in Sources */ = {isa = PBXBuildFile; fileRef = 09C213CA1C154AB0009E63E2 /* MJRefreshBackNormalFooter.m */; };
		09C213E81C154AB0009E63E2 /* MJRefreshBackStateFooter.m in Sources */ = {isa = PBXBuildFile; fileRef = 09C213CC1C154AB0009E63E2 /* MJRefreshBackStateFooter.m */; };
		09C213E91C154AB0009E63E2 /* MJRefreshGifHeader.m in Sources */ = {isa = PBXBuildFile; fileRef = 09C213CF1C154AB0009E63E2 /* MJRefreshGifHeader.m */; };
		09C213EA1C154AB0009E63E2 /* MJRefreshNormalHeader.m in Sources */ = {isa = PBXBuildFile; fileRef = 09C213D11C154AB0009E63E2 /* MJRefreshNormalHeader.m */; };
		09C213EB1C154AB0009E63E2 /* MJRefreshStateHeader.m in Sources */ = {isa = PBXBuildFile; fileRef = 09C213D31C154AB0009E63E2 /* MJRefreshStateHeader.m */; };
		09C213EC1C154AB0009E63E2 /* MJRefresh.bundle in Resources */ = {isa = PBXBuildFile; fileRef = 09C213D41C154AB0009E63E2 /* MJRefresh.bundle */; };
		09C213ED1C154AB0009E63E2 /* MJRefreshConst.m in Sources */ = {isa = PBXBuildFile; fileRef = 09C213D71C154AB0009E63E2 /* MJRefreshConst.m */; };
		09C213EE1C154AB0009E63E2 /* UIScrollView+MJExtension.m in Sources */ = {isa = PBXBuildFile; fileRef = 09C213D91C154AB0009E63E2 /* UIScrollView+MJExtension.m */; };
		09C213EF1C154AB0009E63E2 /* UIScrollView+MJRefresh.m in Sources */ = {isa = PBXBuildFile; fileRef = 09C213DB1C154AB0009E63E2 /* UIScrollView+MJRefresh.m */; };
		09C213F01C154AB0009E63E2 /* UIView+MJExtension.m in Sources */ = {isa = PBXBuildFile; fileRef = 09C213DD1C154AB0009E63E2 /* UIView+MJExtension.m */; };
/* End PBXBuildFile section */

/* Begin PBXContainerItemProxy section */
		09C2138F1C154A86009E63E2 /* PBXContainerItemProxy */ = {
			isa = PBXContainerItemProxy;
			containerPortal = 09C2136D1C154A86009E63E2 /* Project object */;
			proxyType = 1;
			remoteGlobalIDString = 09C213741C154A86009E63E2;
			remoteInfo = SJHeaderRefresh;
		};
		09C2139A1C154A86009E63E2 /* PBXContainerItemProxy */ = {
			isa = PBXContainerItemProxy;
			containerPortal = 09C2136D1C154A86009E63E2 /* Project object */;
			proxyType = 1;
			remoteGlobalIDString = 09C213741C154A86009E63E2;
			remoteInfo = SJHeaderRefresh;
		};
/* End PBXContainerItemProxy section */

/* Begin PBXFileReference section */
		09C213751C154A86009E63E2 /* SJHeaderRefresh.app */ = {isa = PBXFileReference; explicitFileType = wrapper.application; includeInIndex = 0; path = SJHeaderRefresh.app; sourceTree = BUILT_PRODUCTS_DIR; };
		09C213791C154A86009E63E2 /* main.m */ = {isa = PBXFileReference; lastKnownFileType = sourcecode.c.objc; path = main.m; sourceTree = "<group>"; };
		09C2137B1C154A86009E63E2 /* AppDelegate.h */ = {isa = PBXFileReference; lastKnownFileType = sourcecode.c.h; path = AppDelegate.h; sourceTree = "<group>"; };
		09C2137C1C154A86009E63E2 /* AppDelegate.m */ = {isa = PBXFileReference; lastKnownFileType = sourcecode.c.objc; path = AppDelegate.m; sourceTree = "<group>"; };
		09C2137E1C154A86009E63E2 /* ViewController.h */ = {isa = PBXFileReference; lastKnownFileType = sourcecode.c.h; path = ViewController.h; sourceTree = "<group>"; };
		09C2137F1C154A86009E63E2 /* ViewController.m */ = {isa = PBXFileReference; lastKnownFileType = sourcecode.c.objc; path = ViewController.m; sourceTree = "<group>"; };
		09C213821C154A86009E63E2 /* Base */ = {isa = PBXFileReference; lastKnownFileType = file.storyboard; name = Base; path = Base.lproj/Main.storyboard; sourceTree = "<group>"; };
		09C213841C154A86009E63E2 /* Assets.xcassets */ = {isa = PBXFileReference; lastKnownFileType = folder.assetcatalog; path = Assets.xcassets; sourceTree = "<group>"; };
		09C213871C154A86009E63E2 /* Base */ = {isa = PBXFileReference; lastKnownFileType = file.storyboard; name = Base; path = Base.lproj/LaunchScreen.storyboard; sourceTree = "<group>"; };
		09C213891C154A86009E63E2 /* Info.plist */ = {isa = PBXFileReference; lastKnownFileType = text.plist.xml; path = Info.plist; sourceTree = "<group>"; };
		09C2138E1C154A86009E63E2 /* SJHeaderRefreshTests.xctest */ = {isa = PBXFileReference; explicitFileType = wrapper.cfbundle; includeInIndex = 0; path = SJHeaderRefreshTests.xctest; sourceTree = BUILT_PRODUCTS_DIR; };
		09C213921C154A86009E63E2 /* SJHeaderRefreshTests.m */ = {isa = PBXFileReference; lastKnownFileType = sourcecode.c.objc; path = SJHeaderRefreshTests.m; sourceTree = "<group>"; };
		09C213941C154A86009E63E2 /* Info.plist */ = {isa = PBXFileReference; lastKnownFileType = text.plist.xml; path = Info.plist; sourceTree = "<group>"; };
		09C213991C154A86009E63E2 /* SJHeaderRefreshUITests.xctest */ = {isa = PBXFileReference; explicitFileType = wrapper.cfbundle; includeInIndex = 0; path = SJHeaderRefreshUITests.xctest; sourceTree = BUILT_PRODUCTS_DIR; };
		09C2139D1C154A86009E63E2 /* SJHeaderRefreshUITests.m */ = {isa = PBXFileReference; lastKnownFileType = sourcecode.c.objc; path = SJHeaderRefreshUITests.m; sourceTree = "<group>"; };
		09C2139F1C154A86009E63E2 /* Info.plist */ = {isa = PBXFileReference; lastKnownFileType = text.plist.xml; path = Info.plist; sourceTree = "<group>"; };
		09C213AB1C154A9B009E63E2 /* XSFooterRefresh.h */ = {isa = PBXFileReference; fileEncoding = 4; lastKnownFileType = sourcecode.c.h; path = XSFooterRefresh.h; sourceTree = "<group>"; };
		09C213AC1C154A9B009E63E2 /* XSFooterRefresh.m */ = {isa = PBXFileReference; fileEncoding = 4; lastKnownFileType = sourcecode.c.objc; path = XSFooterRefresh.m; sourceTree = "<group>"; };
		09C213AD1C154A9B009E63E2 /* XSHeaderRefresh.h */ = {isa = PBXFileReference; fileEncoding = 4; lastKnownFileType = sourcecode.c.h; path = XSHeaderRefresh.h; sourceTree = "<group>"; };
		09C213AE1C154A9B009E63E2 /* XSHeaderRefresh.m */ = {isa = PBXFileReference; fileEncoding = 4; lastKnownFileType = sourcecode.c.objc; path = XSHeaderRefresh.m; sourceTree = "<group>"; };
		09C213B31C154AB0009E63E2 /* MJRefreshAutoFooter.h */ = {isa = PBXFileReference; fileEncoding = 4; lastKnownFileType = sourcecode.c.h; path = MJRefreshAutoFooter.h; sourceTree = "<group>"; };
		09C213B41C154AB0009E63E2 /* MJRefreshAutoFooter.m */ = {isa = PBXFileReference; fileEncoding = 4; lastKnownFileType = sourcecode.c.objc; path = MJRefreshAutoFooter.m; sourceTree = "<group>"; };
		09C213B51C154AB0009E63E2 /* MJRefreshBackFooter.h */ = {isa = PBXFileReference; fileEncoding = 4; lastKnownFileType = sourcecode.c.h; path = MJRefreshBackFooter.h; sourceTree = "<group>"; };
		09C213B61C154AB0009E63E2 /* MJRefreshBackFooter.m */ = {isa = PBXFileReference; fileEncoding = 4; lastKnownFileType = sourcecode.c.objc; path = MJRefreshBackFooter.m; sourceTree = "<group>"; };
		09C213B71C154AB0009E63E2 /* MJRefreshComponent.h */ = {isa = PBXFileReference; fileEncoding = 4; lastKnownFileType = sourcecode.c.h; path = MJRefreshComponent.h; sourceTree = "<group>"; };
		09C213B81C154AB0009E63E2 /* MJRefreshComponent.m */ = {isa = PBXFileReference; fileEncoding = 4; lastKnownFileType = sourcecode.c.objc; path = MJRefreshComponent.m; sourceTree = "<group>"; };
		09C213B91C154AB0009E63E2 /* MJRefreshFooter.h */ = {isa = PBXFileReference; fileEncoding = 4; lastKnownFileType = sourcecode.c.h; path = MJRefreshFooter.h; sourceTree = "<group>"; };
		09C213BA1C154AB0009E63E2 /* MJRefreshFooter.m */ = {isa = PBXFileReference; fileEncoding = 4; lastKnownFileType = sourcecode.c.objc; path = MJRefreshFooter.m; sourceTree = "<group>"; };
		09C213BB1C154AB0009E63E2 /* MJRefreshHeader.h */ = {isa = PBXFileReference; fileEncoding = 4; lastKnownFileType = sourcecode.c.h; path = MJRefreshHeader.h; sourceTree = "<group>"; };
		09C213BC1C154AB0009E63E2 /* MJRefreshHeader.m */ = {isa = PBXFileReference; fileEncoding = 4; lastKnownFileType = sourcecode.c.objc; path = MJRefreshHeader.m; sourceTree = "<group>"; };
		09C213C01C154AB0009E63E2 /* MJRefreshAutoGifFooter.h */ = {isa = PBXFileReference; fileEncoding = 4; lastKnownFileType = sourcecode.c.h; path = MJRefreshAutoGifFooter.h; sourceTree = "<group>"; };
		09C213C11C154AB0009E63E2 /* MJRefreshAutoGifFooter.m */ = {isa = PBXFileReference; fileEncoding = 4; lastKnownFileType = sourcecode.c.objc; path = MJRefreshAutoGifFooter.m; sourceTree = "<group>"; };
		09C213C21C154AB0009E63E2 /* MJRefreshAutoNormalFooter.h */ = {isa = PBXFileReference; fileEncoding = 4; lastKnownFileType = sourcecode.c.h; path = MJRefreshAutoNormalFooter.h; sourceTree = "<group>"; };
		09C213C31C154AB0009E63E2 /* MJRefreshAutoNormalFooter.m */ = {isa = PBXFileReference; fileEncoding = 4; lastKnownFileType = sourcecode.c.objc; path = MJRefreshAutoNormalFooter.m; sourceTree = "<group>"; };
		09C213C41C154AB0009E63E2 /* MJRefreshAutoStateFooter.h */ = {isa = PBXFileReference; fileEncoding = 4; lastKnownFileType = sourcecode.c.h; path = MJRefreshAutoStateFooter.h; sourceTree = "<group>"; };
		09C213C51C154AB0009E63E2 /* MJRefreshAutoStateFooter.m */ = {isa = PBXFileReference; fileEncoding = 4; lastKnownFileType = sourcecode.c.objc; path = MJRefreshAutoStateFooter.m; sourceTree = "<group>"; };
		09C213C71C154AB0009E63E2 /* MJRefreshBackGifFooter.h */ = {isa = PBXFileReference; fileEncoding = 4; lastKnownFileType = sourcecode.c.h; path = MJRefreshBackGifFooter.h; sourceTree = "<group>"; };
		09C213C81C154AB0009E63E2 /* MJRefreshBackGifFooter.m */ = {isa = PBXFileReference; fileEncoding = 4; lastKnownFileType = sourcecode.c.objc; path = MJRefreshBackGifFooter.m; sourceTree = "<group>"; };
		09C213C91C154AB0009E63E2 /* MJRefreshBackNormalFooter.h */ = {isa = PBXFileReference; fileEncoding = 4; lastKnownFileType = sourcecode.c.h; path = MJRefreshBackNormalFooter.h; sourceTree = "<group>"; };
		09C213CA1C154AB0009E63E2 /* MJRefreshBackNormalFooter.m */ = {isa = PBXFileReference; fileEncoding = 4; lastKnownFileType = sourcecode.c.objc; path = MJRefreshBackNormalFooter.m; sourceTree = "<group>"; };
		09C213CB1C154AB0009E63E2 /* MJRefreshBackStateFooter.h */ = {isa = PBXFileReference; fileEncoding = 4; lastKnownFileType = sourcecode.c.h; path = MJRefreshBackStateFooter.h; sourceTree = "<group>"; };
		09C213CC1C154AB0009E63E2 /* MJRefreshBackStateFooter.m */ = {isa = PBXFileReference; fileEncoding = 4; lastKnownFileType = sourcecode.c.objc; path = MJRefreshBackStateFooter.m; sourceTree = "<group>"; };
		09C213CE1C154AB0009E63E2 /* MJRefreshGifHeader.h */ = {isa = PBXFileReference; fileEncoding = 4; lastKnownFileType = sourcecode.c.h; path = MJRefreshGifHeader.h; sourceTree = "<group>"; };
		09C213CF1C154AB0009E63E2 /* MJRefreshGifHeader.m */ = {isa = PBXFileReference; fileEncoding = 4; lastKnownFileType = sourcecode.c.objc; path = MJRefreshGifHeader.m; sourceTree = "<group>"; };
		09C213D01C154AB0009E63E2 /* MJRefreshNormalHeader.h */ = {isa = PBXFileReference; fileEncoding = 4; lastKnownFileType = sourcecode.c.h; path = MJRefreshNormalHeader.h; sourceTree = "<group>"; };
		09C213D11C154AB0009E63E2 /* MJRefreshNormalHeader.m */ = {isa = PBXFileReference; fileEncoding = 4; lastKnownFileType = sourcecode.c.objc; path = MJRefreshNormalHeader.m; sourceTree = "<group>"; };
		09C213D21C154AB0009E63E2 /* MJRefreshStateHeader.h */ = {isa = PBXFileReference; fileEncoding = 4; lastKnownFileType = sourcecode.c.h; path = MJRefreshStateHeader.h; sourceTree = "<group>"; };
		09C213D31C154AB0009E63E2 /* MJRefreshStateHeader.m */ = {isa = PBXFileReference; fileEncoding = 4; lastKnownFileType = sourcecode.c.objc; path = MJRefreshStateHeader.m; sourceTree = "<group>"; };
		09C213D41C154AB0009E63E2 /* MJRefresh.bundle */ = {isa = PBXFileReference; lastKnownFileType = "wrapper.plug-in"; path = MJRefresh.bundle; sourceTree = "<group>"; };
		09C213D51C154AB0009E63E2 /* MJRefresh.h */ = {isa = PBXFileReference; fileEncoding = 4; lastKnownFileType = sourcecode.c.h; path = MJRefresh.h; sourceTree = "<group>"; };
		09C213D61C154AB0009E63E2 /* MJRefreshConst.h */ = {isa = PBXFileReference; fileEncoding = 4; lastKnownFileType = sourcecode.c.h; path = MJRefreshConst.h; sourceTree = "<group>"; };
		09C213D71C154AB0009E63E2 /* MJRefreshConst.m */ = {isa = PBXFileReference; fileEncoding = 4; lastKnownFileType = sourcecode.c.objc; path = MJRefreshConst.m; sourceTree = "<group>"; };
		09C213D81C154AB0009E63E2 /* UIScrollView+MJExtension.h */ = {isa = PBXFileReference; fileEncoding = 4; lastKnownFileType = sourcecode.c.h; path = "UIScrollView+MJExtension.h"; sourceTree = "<group>"; };
		09C213D91C154AB0009E63E2 /* UIScrollView+MJExtension.m */ = {isa = PBXFileReference; fileEncoding = 4; lastKnownFileType = sourcecode.c.objc; path = "UIScrollView+MJExtension.m"; sourceTree = "<group>"; };
		09C213DA1C154AB0009E63E2 /* UIScrollView+MJRefresh.h */ = {isa = PBXFileReference; fileEncoding = 4; lastKnownFileType = sourcecode.c.h; path = "UIScrollView+MJRefresh.h"; sourceTree = "<group>"; };
		09C213DB1C154AB0009E63E2 /* UIScrollView+MJRefresh.m */ = {isa = PBXFileReference; fileEncoding = 4; lastKnownFileType = sourcecode.c.objc; path = "UIScrollView+MJRefresh.m"; sourceTree = "<group>"; };
		09C213DC1C154AB0009E63E2 /* UIView+MJExtension.h */ = {isa = PBXFileReference; fileEncoding = 4; lastKnownFileType = sourcecode.c.h; path = "UIView+MJExtension.h"; sourceTree = "<group>"; };
		09C213DD1C154AB0009E63E2 /* UIView+MJExtension.m */ = {isa = PBXFileReference; fileEncoding = 4; lastKnownFileType = sourcecode.c.objc; path = "UIView+MJExtension.m"; sourceTree = "<group>"; };
/* End PBXFileReference section */

/* Begin PBXFrameworksBuildPhase section */
		09C213721C154A86009E63E2 /* Frameworks */ = {
			isa = PBXFrameworksBuildPhase;
			buildActionMask = 2147483647;
			files = (
			);
			runOnlyForDeploymentPostprocessing = 0;
		};
		09C2138B1C154A86009E63E2 /* Frameworks */ = {
			isa = PBXFrameworksBuildPhase;
			buildActionMask = 2147483647;
			files = (
			);
			runOnlyForDeploymentPostprocessing = 0;
		};
		09C213961C154A86009E63E2 /* Frameworks */ = {
			isa = PBXFrameworksBuildPhase;
			buildActionMask = 2147483647;
			files = (
			);
			runOnlyForDeploymentPostprocessing = 0;
		};
/* End PBXFrameworksBuildPhase section */

/* Begin PBXGroup section */
		09C2136C1C154A86009E63E2 = {
			isa = PBXGroup;
			children = (
				09C213771C154A86009E63E2 /* SJHeaderRefresh */,
				09C213911C154A86009E63E2 /* SJHeaderRefreshTests */,
				09C2139C1C154A86009E63E2 /* SJHeaderRefreshUITests */,
				09C213761C154A86009E63E2 /* Products */,
			);
			sourceTree = "<group>";
		};
		09C213761C154A86009E63E2 /* Products */ = {
			isa = PBXGroup;
			children = (
				09C213751C154A86009E63E2 /* SJHeaderRefresh.app */,
				09C2138E1C154A86009E63E2 /* SJHeaderRefreshTests.xctest */,
				09C213991C154A86009E63E2 /* SJHeaderRefreshUITests.xctest */,
			);
			name = Products;
			sourceTree = "<group>";
		};
		09C213771C154A86009E63E2 /* SJHeaderRefresh */ = {
			isa = PBXGroup;
			children = (
				09C213B11C154AB0009E63E2 /* MJRefresh */,
				09C213AB1C154A9B009E63E2 /* XSFooterRefresh.h */,
				09C213AC1C154A9B009E63E2 /* XSFooterRefresh.m */,
				09C213AD1C154A9B009E63E2 /* XSHeaderRefresh.h */,
				09C213AE1C154A9B009E63E2 /* XSHeaderRefresh.m */,
				09C2137B1C154A86009E63E2 /* AppDelegate.h */,
				09C2137C1C154A86009E63E2 /* AppDelegate.m */,
				09C2137E1C154A86009E63E2 /* ViewController.h */,
				09C2137F1C154A86009E63E2 /* ViewController.m */,
				09C213811C154A86009E63E2 /* Main.storyboard */,
				09C213841C154A86009E63E2 /* Assets.xcassets */,
				09C213861C154A86009E63E2 /* LaunchScreen.storyboard */,
				09C213891C154A86009E63E2 /* Info.plist */,
				09C213781C154A86009E63E2 /* Supporting Files */,
			);
			path = SJHeaderRefresh;
			sourceTree = "<group>";
		};
		09C213781C154A86009E63E2 /* Supporting Files */ = {
			isa = PBXGroup;
			children = (
				09C213791C154A86009E63E2 /* main.m */,
			);
			name = "Supporting Files";
			sourceTree = "<group>";
		};
		09C213911C154A86009E63E2 /* SJHeaderRefreshTests */ = {
			isa = PBXGroup;
			children = (
				09C213921C154A86009E63E2 /* SJHeaderRefreshTests.m */,
				09C213941C154A86009E63E2 /* Info.plist */,
			);
			path = SJHeaderRefreshTests;
			sourceTree = "<group>";
		};
		09C2139C1C154A86009E63E2 /* SJHeaderRefreshUITests */ = {
			isa = PBXGroup;
			children = (
				09C2139D1C154A86009E63E2 /* SJHeaderRefreshUITests.m */,
				09C2139F1C154A86009E63E2 /* Info.plist */,
			);
			path = SJHeaderRefreshUITests;
			sourceTree = "<group>";
		};
		09C213B11C154AB0009E63E2 /* MJRefresh */ = {
			isa = PBXGroup;
			children = (
				09C213B21C154AB0009E63E2 /* Base */,
				09C213BD1C154AB0009E63E2 /* Custom */,
				09C213D41C154AB0009E63E2 /* MJRefresh.bundle */,
				09C213D51C154AB0009E63E2 /* MJRefresh.h */,
				09C213D61C154AB0009E63E2 /* MJRefreshConst.h */,
				09C213D71C154AB0009E63E2 /* MJRefreshConst.m */,
				09C213D81C154AB0009E63E2 /* UIScrollView+MJExtension.h */,
				09C213D91C154AB0009E63E2 /* UIScrollView+MJExtension.m */,
				09C213DA1C154AB0009E63E2 /* UIScrollView+MJRefresh.h */,
				09C213DB1C154AB0009E63E2 /* UIScrollView+MJRefresh.m */,
				09C213DC1C154AB0009E63E2 /* UIView+MJExtension.h */,
				09C213DD1C154AB0009E63E2 /* UIView+MJExtension.m */,
			);
			path = MJRefresh;
			sourceTree = "<group>";
		};
		09C213B21C154AB0009E63E2 /* Base */ = {
			isa = PBXGroup;
			children = (
				09C213B31C154AB0009E63E2 /* MJRefreshAutoFooter.h */,
				09C213B41C154AB0009E63E2 /* MJRefreshAutoFooter.m */,
				09C213B51C154AB0009E63E2 /* MJRefreshBackFooter.h */,
				09C213B61C154AB0009E63E2 /* MJRefreshBackFooter.m */,
				09C213B71C154AB0009E63E2 /* MJRefreshComponent.h */,
				09C213B81C154AB0009E63E2 /* MJRefreshComponent.m */,
				09C213B91C154AB0009E63E2 /* MJRefreshFooter.h */,
				09C213BA1C154AB0009E63E2 /* MJRefreshFooter.m */,
				09C213BB1C154AB0009E63E2 /* MJRefreshHeader.h */,
				09C213BC1C154AB0009E63E2 /* MJRefreshHeader.m */,
			);
			path = Base;
			sourceTree = "<group>";
		};
		09C213BD1C154AB0009E63E2 /* Custom */ = {
			isa = PBXGroup;
			children = (
				09C213BE1C154AB0009E63E2 /* Footer */,
				09C213CD1C154AB0009E63E2 /* Header */,
			);
			path = Custom;
			sourceTree = "<group>";
		};
		09C213BE1C154AB0009E63E2 /* Footer */ = {
			isa = PBXGroup;
			children = (
				09C213BF1C154AB0009E63E2 /* Auto */,
				09C213C61C154AB0009E63E2 /* Back */,
			);
			path = Footer;
			sourceTree = "<group>";
		};
		09C213BF1C154AB0009E63E2 /* Auto */ = {
			isa = PBXGroup;
			children = (
				09C213C01C154AB0009E63E2 /* MJRefreshAutoGifFooter.h */,
				09C213C11C154AB0009E63E2 /* MJRefreshAutoGifFooter.m */,
				09C213C21C154AB0009E63E2 /* MJRefreshAutoNormalFooter.h */,
				09C213C31C154AB0009E63E2 /* MJRefreshAutoNormalFooter.m */,
				09C213C41C154AB0009E63E2 /* MJRefreshAutoStateFooter.h */,
				09C213C51C154AB0009E63E2 /* MJRefreshAutoStateFooter.m */,
			);
			path = Auto;
			sourceTree = "<group>";
		};
		09C213C61C154AB0009E63E2 /* Back */ = {
			isa = PBXGroup;
			children = (
				09C213C71C154AB0009E63E2 /* MJRefreshBackGifFooter.h */,
				09C213C81C154AB0009E63E2 /* MJRefreshBackGifFooter.m */,
				09C213C91C154AB0009E63E2 /* MJRefreshBackNormalFooter.h */,
				09C213CA1C154AB0009E63E2 /* MJRefreshBackNormalFooter.m */,
				09C213CB1C154AB0009E63E2 /* MJRefreshBackStateFooter.h */,
				09C213CC1C154AB0009E63E2 /* MJRefreshBackStateFooter.m */,
			);
			path = Back;
			sourceTree = "<group>";
		};
		09C213CD1C154AB0009E63E2 /* Header */ = {
			isa = PBXGroup;
			children = (
				09C213CE1C154AB0009E63E2 /* MJRefreshGifHeader.h */,
				09C213CF1C154AB0009E63E2 /* MJRefreshGifHeader.m */,
				09C213D01C154AB0009E63E2 /* MJRefreshNormalHeader.h */,
				09C213D11C154AB0009E63E2 /* MJRefreshNormalHeader.m */,
				09C213D21C154AB0009E63E2 /* MJRefreshStateHeader.h */,
				09C213D31C154AB0009E63E2 /* MJRefreshStateHeader.m */,
			);
			path = Header;
			sourceTree = "<group>";
		};
/* End PBXGroup section */

/* Begin PBXNativeTarget section */
		09C213741C154A86009E63E2 /* SJHeaderRefresh */ = {
			isa = PBXNativeTarget;
			buildConfigurationList = 09C213A21C154A86009E63E2 /* Build configuration list for PBXNativeTarget "SJHeaderRefresh" */;
			buildPhases = (
				09C213711C154A86009E63E2 /* Sources */,
				09C213721C154A86009E63E2 /* Frameworks */,
				09C213731C154A86009E63E2 /* Resources */,
			);
			buildRules = (
			);
			dependencies = (
			);
			name = SJHeaderRefresh;
			productName = SJHeaderRefresh;
			productReference = 09C213751C154A86009E63E2 /* SJHeaderRefresh.app */;
			productType = "com.apple.product-type.application";
		};
		09C2138D1C154A86009E63E2 /* SJHeaderRefreshTests */ = {
			isa = PBXNativeTarget;
			buildConfigurationList = 09C213A51C154A86009E63E2 /* Build configuration list for PBXNativeTarget "SJHeaderRefreshTests" */;
			buildPhases = (
				09C2138A1C154A86009E63E2 /* Sources */,
				09C2138B1C154A86009E63E2 /* Frameworks */,
				09C2138C1C154A86009E63E2 /* Resources */,
			);
			buildRules = (
			);
			dependencies = (
				09C213901C154A86009E63E2 /* PBXTargetDependency */,
			);
			name = SJHeaderRefreshTests;
			productName = SJHeaderRefreshTests;
			productReference = 09C2138E1C154A86009E63E2 /* SJHeaderRefreshTests.xctest */;
			productType = "com.apple.product-type.bundle.unit-test";
		};
		09C213981C154A86009E63E2 /* SJHeaderRefreshUITests */ = {
			isa = PBXNativeTarget;
			buildConfigurationList = 09C213A81C154A86009E63E2 /* Build configuration list for PBXNativeTarget "SJHeaderRefreshUITests" */;
			buildPhases = (
				09C213951C154A86009E63E2 /* Sources */,
				09C213961C154A86009E63E2 /* Frameworks */,
				09C213971C154A86009E63E2 /* Resources */,
			);
			buildRules = (
			);
			dependencies = (
				09C2139B1C154A86009E63E2 /* PBXTargetDependency */,
			);
			name = SJHeaderRefreshUITests;
			productName = SJHeaderRefreshUITests;
			productReference = 09C213991C154A86009E63E2 /* SJHeaderRefreshUITests.xctest */;
			productType = "com.apple.product-type.bundle.ui-testing";
		};
/* End PBXNativeTarget section */

/* Begin PBXProject section */
		09C2136D1C154A86009E63E2 /* Project object */ = {
			isa = PBXProject;
			attributes = {
				LastUpgradeCheck = 0710;
				ORGANIZATIONNAME = SPIREJ;
				TargetAttributes = {
					09C213741C154A86009E63E2 = {
						CreatedOnToolsVersion = 7.1;
						DevelopmentTeam = A6996HPD9F;
					};
					09C2138D1C154A86009E63E2 = {
						CreatedOnToolsVersion = 7.1;
						DevelopmentTeam = A6996HPD9F;
						TestTargetID = 09C213741C154A86009E63E2;
					};
					09C213981C154A86009E63E2 = {
						CreatedOnToolsVersion = 7.1;
						DevelopmentTeam = A6996HPD9F;
						TestTargetID = 09C213741C154A86009E63E2;
					};
				};
			};
			buildConfigurationList = 09C213701C154A86009E63E2 /* Build configuration list for PBXProject "SJHeaderRefresh" */;
			compatibilityVersion = "Xcode 3.2";
			developmentRegion = English;
			hasScannedForEncodings = 0;
			knownRegions = (
				en,
				Base,
			);
			mainGroup = 09C2136C1C154A86009E63E2;
			productRefGroup = 09C213761C154A86009E63E2 /* Products */;
			projectDirPath = "";
			projectRoot = "";
			targets = (
				09C213741C154A86009E63E2 /* SJHeaderRefresh */,
				09C2138D1C154A86009E63E2 /* SJHeaderRefreshTests */,
				09C213981C154A86009E63E2 /* SJHeaderRefreshUITests */,
			);
		};
/* End PBXProject section */

/* Begin PBXResourcesBuildPhase section */
		09C213731C154A86009E63E2 /* Resources */ = {
			isa = PBXResourcesBuildPhase;
			buildActionMask = 2147483647;
			files = (
				09C213881C154A86009E63E2 /* LaunchScreen.storyboard in Resources */,
				09C213851C154A86009E63E2 /* Assets.xcassets in Resources */,
				09C213EC1C154AB0009E63E2 /* MJRefresh.bundle in Resources */,
				09C213831C154A86009E63E2 /* Main.storyboard in Resources */,
			);
			runOnlyForDeploymentPostprocessing = 0;
		};
		09C2138C1C154A86009E63E2 /* Resources */ = {
			isa = PBXResourcesBuildPhase;
			buildActionMask = 2147483647;
			files = (
			);
			runOnlyForDeploymentPostprocessing = 0;
		};
		09C213971C154A86009E63E2 /* Resources */ = {
			isa = PBXResourcesBuildPhase;
			buildActionMask = 2147483647;
			files = (
			);
			runOnlyForDeploymentPostprocessing = 0;
		};
/* End PBXResourcesBuildPhase section */

/* Begin PBXSourcesBuildPhase section */
		09C213711C154A86009E63E2 /* Sources */ = {
			isa = PBXSourcesBuildPhase;
			buildActionMask = 2147483647;
			files = (
				09C213EA1C154AB0009E63E2 /* MJRefreshNormalHeader.m in Sources */,
				09C213EB1C154AB0009E63E2 /* MJRefreshStateHeader.m in Sources */,
				09C213E91C154AB0009E63E2 /* MJRefreshGifHeader.m in Sources */,
				09C213F01C154AB0009E63E2 /* UIView+MJExtension.m in Sources */,
				09C213E71C154AB0009E63E2 /* MJRefreshBackNormalFooter.m in Sources */,
				09C213ED1C154AB0009E63E2 /* MJRefreshConst.m in Sources */,
				09C213E01C154AB0009E63E2 /* MJRefreshComponent.m in Sources */,
				09C213E31C154AB0009E63E2 /* MJRefreshAutoGifFooter.m in Sources */,
				09C213DF1C154AB0009E63E2 /* MJRefreshBackFooter.m in Sources */,
				09C213801C154A86009E63E2 /* ViewController.m in Sources */,
				09C213EE1C154AB0009E63E2 /* UIScrollView+MJExtension.m in Sources */,
				09C213B01C154A9B009E63E2 /* XSHeaderRefresh.m in Sources */,
				09C213E41C154AB0009E63E2 /* MJRefreshAutoNormalFooter.m in Sources */,
				09C213EF1C154AB0009E63E2 /* UIScrollView+MJRefresh.m in Sources */,
				09C213AF1C154A9B009E63E2 /* XSFooterRefresh.m in Sources */,
				09C213E61C154AB0009E63E2 /* MJRefreshBackGifFooter.m in Sources */,
				09C213E21C154AB0009E63E2 /* MJRefreshHeader.m in Sources */,
				09C213E51C154AB0009E63E2 /* MJRefreshAutoStateFooter.m in Sources */,
				09C213E11C154AB0009E63E2 /* MJRefreshFooter.m in Sources */,
				09C213E81C154AB0009E63E2 /* MJRefreshBackStateFooter.m in Sources */,
				09C2137D1C154A86009E63E2 /* AppDelegate.m in Sources */,
				09C213DE1C154AB0009E63E2 /* MJRefreshAutoFooter.m in Sources */,
				09C2137A1C154A86009E63E2 /* main.m in Sources */,
			);
			runOnlyForDeploymentPostprocessing = 0;
		};
		09C2138A1C154A86009E63E2 /* Sources */ = {
			isa = PBXSourcesBuildPhase;
			buildActionMask = 2147483647;
			files = (
				09C213931C154A86009E63E2 /* SJHeaderRefreshTests.m in Sources */,
			);
			runOnlyForDeploymentPostprocessing = 0;
		};
		09C213951C154A86009E63E2 /* Sources */ = {
			isa = PBXSourcesBuildPhase;
			buildActionMask = 2147483647;
			files = (
				09C2139E1C154A86009E63E2 /* SJHeaderRefreshUITests.m in Sources */,
			);
			runOnlyForDeploymentPostprocessing = 0;
		};
/* End PBXSourcesBuildPhase section */

/* Begin PBXTargetDependency section */
		09C213901C154A86009E63E2 /* PBXTargetDependency */ = {
			isa = PBXTargetDependency;
			target = 09C213741C154A86009E63E2 /* SJHeaderRefresh */;
			targetProxy = 09C2138F1C154A86009E63E2 /* PBXContainerItemProxy */;
		};
		09C2139B1C154A86009E63E2 /* PBXTargetDependency */ = {
			isa = PBXTargetDependency;
			target = 09C213741C154A86009E63E2 /* SJHeaderRefresh */;
			targetProxy = 09C2139A1C154A86009E63E2 /* PBXContainerItemProxy */;
		};
/* End PBXTargetDependency section */

/* Begin PBXVariantGroup section */
		09C213811C154A86009E63E2 /* Main.storyboard */ = {
			isa = PBXVariantGroup;
			children = (
				09C213821C154A86009E63E2 /* Base */,
			);
			name = Main.storyboard;
			sourceTree = "<group>";
		};
		09C213861C154A86009E63E2 /* LaunchScreen.storyboard */ = {
			isa = PBXVariantGroup;
			children = (
				09C213871C154A86009E63E2 /* Base */,
			);
			name = LaunchScreen.storyboard;
			sourceTree = "<group>";
		};
/* End PBXVariantGroup section */

/* Begin XCBuildConfiguration section */
		09C213A01C154A86009E63E2 /* Debug */ = {
			isa = XCBuildConfiguration;
			buildSettings = {
				ALWAYS_SEARCH_USER_PATHS = NO;
				CLANG_CXX_LANGUAGE_STANDARD = "gnu++0x";
				CLANG_CXX_LIBRARY = "libc++";
				CLANG_ENABLE_MODULES = YES;
				CLANG_ENABLE_OBJC_ARC = YES;
				CLANG_WARN_BOOL_CONVERSION = YES;
				CLANG_WARN_CONSTANT_CONVERSION = YES;
				CLANG_WARN_DIRECT_OBJC_ISA_USAGE = YES_ERROR;
				CLANG_WARN_EMPTY_BODY = YES;
				CLANG_WARN_ENUM_CONVERSION = YES;
				CLANG_WARN_INT_CONVERSION = YES;
				CLANG_WARN_OBJC_ROOT_CLASS = YES_ERROR;
				CLANG_WARN_UNREACHABLE_CODE = YES;
				CLANG_WARN__DUPLICATE_METHOD_MATCH = YES;
				"CODE_SIGN_IDENTITY[sdk=iphoneos*]" = "iPhone Developer";
				COPY_PHASE_STRIP = NO;
				DEBUG_INFORMATION_FORMAT = dwarf;
				ENABLE_STRICT_OBJC_MSGSEND = YES;
				ENABLE_TESTABILITY = YES;
				GCC_C_LANGUAGE_STANDARD = gnu99;
				GCC_DYNAMIC_NO_PIC = NO;
				GCC_NO_COMMON_BLOCKS = YES;
				GCC_OPTIMIZATION_LEVEL = 0;
				GCC_PREPROCESSOR_DEFINITIONS = (
					"DEBUG=1",
					"$(inherited)",
				);
				GCC_WARN_64_TO_32_BIT_CONVERSION = YES;
				GCC_WARN_ABOUT_RETURN_TYPE = YES_ERROR;
				GCC_WARN_UNDECLARED_SELECTOR = YES;
				GCC_WARN_UNINITIALIZED_AUTOS = YES_AGGRESSIVE;
				GCC_WARN_UNUSED_FUNCTION = YES;
				GCC_WARN_UNUSED_VARIABLE = YES;
				IPHONEOS_DEPLOYMENT_TARGET = 9.1;
				MTL_ENABLE_DEBUG_INFO = YES;
				ONLY_ACTIVE_ARCH = YES;
				SDKROOT = iphoneos;
				TARGETED_DEVICE_FAMILY = "1,2";
			};
			name = Debug;
		};
		09C213A11C154A86009E63E2 /* Release */ = {
			isa = XCBuildConfiguration;
			buildSettings = {
				ALWAYS_SEARCH_USER_PATHS = NO;
				CLANG_CXX_LANGUAGE_STANDARD = "gnu++0x";
				CLANG_CXX_LIBRARY = "libc++";
				CLANG_ENABLE_MODULES = YES;
				CLANG_ENABLE_OBJC_ARC = YES;
				CLANG_WARN_BOOL_CONVERSION = YES;
				CLANG_WARN_CONSTANT_CONVERSION = YES;
				CLANG_WARN_DIRECT_OBJC_ISA_USAGE = YES_ERROR;
				CLANG_WARN_EMPTY_BODY = YES;
				CLANG_WARN_ENUM_CONVERSION = YES;
				CLANG_WARN_INT_CONVERSION = YES;
				CLANG_WARN_OBJC_ROOT_CLASS = YES_ERROR;
				CLANG_WARN_UNREACHABLE_CODE = YES;
				CLANG_WARN__DUPLICATE_METHOD_MATCH = YES;
				"CODE_SIGN_IDENTITY[sdk=iphoneos*]" = "iPhone Developer";
				COPY_PHASE_STRIP = NO;
				DEBUG_INFORMATION_FORMAT = "dwarf-with-dsym";
				ENABLE_NS_ASSERTIONS = NO;
				ENABLE_STRICT_OBJC_MSGSEND = YES;
				GCC_C_LANGUAGE_STANDARD = gnu99;
				GCC_NO_COMMON_BLOCKS = YES;
				GCC_WARN_64_TO_32_BIT_CONVERSION = YES;
				GCC_WARN_ABOUT_RETURN_TYPE = YES_ERROR;
				GCC_WARN_UNDECLARED_SELECTOR = YES;
				GCC_WARN_UNINITIALIZED_AUTOS = YES_AGGRESSIVE;
				GCC_WARN_UNUSED_FUNCTION = YES;
				GCC_WARN_UNUSED_VARIABLE = YES;
				IPHONEOS_DEPLOYMENT_TARGET = 9.1;
				MTL_ENABLE_DEBUG_INFO = NO;
				SDKROOT = iphoneos;
				TARGETED_DEVICE_FAMILY = "1,2";
				VALIDATE_PRODUCT = YES;
			};
			name = Release;
		};
		09C213A31C154A86009E63E2 /* Debug */ = {
			isa = XCBuildConfiguration;
			buildSettings = {
				ASSETCATALOG_COMPILER_APPICON_NAME = AppIcon;
				INFOPLIST_FILE = SJHeaderRefresh/Info.plist;
				LD_RUNPATH_SEARCH_PATHS = "$(inherited) @executable_path/Frameworks";
				PRODUCT_BUNDLE_IDENTIFIER = com.xs.SJHeaderRefresh;
				PRODUCT_NAME = "$(TARGET_NAME)";
			};
			name = Debug;
		};
		09C213A41C154A86009E63E2 /* Release */ = {
			isa = XCBuildConfiguration;
			buildSettings = {
				ASSETCATALOG_COMPILER_APPICON_NAME = AppIcon;
				INFOPLIST_FILE = SJHeaderRefresh/Info.plist;
				LD_RUNPATH_SEARCH_PATHS = "$(inherited) @executable_path/Frameworks";
				PRODUCT_BUNDLE_IDENTIFIER = com.xs.SJHeaderRefresh;
				PRODUCT_NAME = "$(TARGET_NAME)";
			};
			name = Release;
		};
		09C213A61C154A86009E63E2 /* Debug */ = {
			isa = XCBuildConfiguration;
			buildSettings = {
				BUNDLE_LOADER = "$(TEST_HOST)";
				INFOPLIST_FILE = SJHeaderRefreshTests/Info.plist;
				LD_RUNPATH_SEARCH_PATHS = "$(inherited) @executable_path/Frameworks @loader_path/Frameworks";
				PRODUCT_BUNDLE_IDENTIFIER = com.xs.SJHeaderRefreshTests;
				PRODUCT_NAME = "$(TARGET_NAME)";
				TEST_HOST = "$(BUILT_PRODUCTS_DIR)/SJHeaderRefresh.app/SJHeaderRefresh";
			};
			name = Debug;
		};
		09C213A71C154A86009E63E2 /* Release */ = {
			isa = XCBuildConfiguration;
			buildSettings = {
				BUNDLE_LOADER = "$(TEST_HOST)";
				INFOPLIST_FILE = SJHeaderRefreshTests/Info.plist;
				LD_RUNPATH_SEARCH_PATHS = "$(inherited) @executable_path/Frameworks @loader_path/Frameworks";
				PRODUCT_BUNDLE_IDENTIFIER = com.xs.SJHeaderRefreshTests;
				PRODUCT_NAME = "$(TARGET_NAME)";
				TEST_HOST = "$(BUILT_PRODUCTS_DIR)/SJHeaderRefresh.app/SJHeaderRefresh";
			};
			name = Release;
		};
		09C213A91C154A86009E63E2 /* Debug */ = {
			isa = XCBuildConfiguration;
			buildSettings = {
				INFOPLIST_FILE = SJHeaderRefreshUITests/Info.plist;
				LD_RUNPATH_SEARCH_PATHS = "$(inherited) @executable_path/Frameworks @loader_path/Frameworks";
				PRODUCT_BUNDLE_IDENTIFIER = com.xs.SJHeaderRefreshUITests;
				PRODUCT_NAME = "$(TARGET_NAME)";
				TEST_TARGET_NAME = SJHeaderRefresh;
				USES_XCTRUNNER = YES;
			};
			name = Debug;
		};
		09C213AA1C154A86009E63E2 /* Release */ = {
			isa = XCBuildConfiguration;
			buildSettings = {
				INFOPLIST_FILE = SJHeaderRefreshUITests/Info.plist;
				LD_RUNPATH_SEARCH_PATHS = "$(inherited) @executable_path/Frameworks @loader_path/Frameworks";
				PRODUCT_BUNDLE_IDENTIFIER = com.xs.SJHeaderRefreshUITests;
				PRODUCT_NAME = "$(TARGET_NAME)";
				TEST_TARGET_NAME = SJHeaderRefresh;
				USES_XCTRUNNER = YES;
			};
			name = Release;
		};
/* End XCBuildConfiguration section */

/* Begin XCConfigurationList section */
		09C213701C154A86009E63E2 /* Build configuration list for PBXProject "SJHeaderRefresh" */ = {
			isa = XCConfigurationList;
			buildConfigurations = (
				09C213A01C154A86009E63E2 /* Debug */,
				09C213A11C154A86009E63E2 /* Release */,
			);
			defaultConfigurationIsVisible = 0;
			defaultConfigurationName = Release;
		};
		09C213A21C154A86009E63E2 /* Build configuration list for PBXNativeTarget "SJHeaderRefresh" */ = {
			isa = XCConfigurationList;
			buildConfigurations = (
				09C213A31C154A86009E63E2 /* Debug */,
				09C213A41C154A86009E63E2 /* Release */,
			);
			defaultConfigurationIsVisible = 0;
		};
		09C213A51C154A86009E63E2 /* Build configuration list for PBXNativeTarget "SJHeaderRefreshTests" */ = {
			isa = XCConfigurationList;
			buildConfigurations = (
				09C213A61C154A86009E63E2 /* Debug */,
				09C213A71C154A86009E63E2 /* Release */,
			);
			defaultConfigurationIsVisible = 0;
		};
		09C213A81C154A86009E63E2 /* Build configuration list for PBXNativeTarget "SJHeaderRefreshUITests" */ = {
			isa = XCConfigurationList;
			buildConfigurations = (
				09C213A91C154A86009E63E2 /* Debug */,
				09C213AA1C154A86009E63E2 /* Release */,
			);
			defaultConfigurationIsVisible = 0;
		};
/* End XCConfigurationList section */
	};
	rootObject = 09C2136D1C154A86009E63E2 /* Project object */;
}
